// !$*UTF8*$!
{
	archiveVersion = 1;
	classes = {
	};
	objectVersion = 55;
	objects = {

/* Begin PBXBuildFile section */
		8A106B43AB058427F322F037 /* Pods_Messenger.framework in Frameworks */ = {isa = PBXBuildFile; fileRef = 80E98D3145F130D75378D7D9 /* Pods_Messenger.framework */; };
		FC1C7FFF28587B37005AA13A /* ConversationTableViewCell.swift in Sources */ = {isa = PBXBuildFile; fileRef = FC1C7FFE28587B37005AA13A /* ConversationTableViewCell.swift */; };
		FC56A8D4285202D8003E59F8 /* GoogleService-Info.plist in Resources */ = {isa = PBXBuildFile; fileRef = FC56A8D3285202D8003E59F8 /* GoogleService-Info.plist */; };
		FC56A8D628522932003E59F8 /* DatabaseManager.swift in Sources */ = {isa = PBXBuildFile; fileRef = FC56A8D528522932003E59F8 /* DatabaseManager.swift */; };
		FC7607A62850C1A300E6923E /* LoginViewController.swift in Sources */ = {isa = PBXBuildFile; fileRef = FC7607A52850C1A300E6923E /* LoginViewController.swift */; };
		FC7607A82850C1B300E6923E /* RegisterViewController.swift in Sources */ = {isa = PBXBuildFile; fileRef = FC7607A72850C1B300E6923E /* RegisterViewController.swift */; };
		FC7607AA2850C1D200E6923E /* PhotoViewerViewController.swift in Sources */ = {isa = PBXBuildFile; fileRef = FC7607A92850C1D200E6923E /* PhotoViewerViewController.swift */; };
		FC7607AC2850C1F900E6923E /* NewConversationViewController.swift in Sources */ = {isa = PBXBuildFile; fileRef = FC7607AB2850C1F900E6923E /* NewConversationViewController.swift */; };
		FC7607AE2850C20C00E6923E /* ProfileViewController.swift in Sources */ = {isa = PBXBuildFile; fileRef = FC7607AD2850C20C00E6923E /* ProfileViewController.swift */; };
		FCA8BB022861C8F500791BF6 /* NewConversationTableCell.swift in Sources */ = {isa = PBXBuildFile; fileRef = FCA8BB012861C8F500791BF6 /* NewConversationTableCell.swift */; };
		FCA8BB042861F36000791BF6 /* ChatModels.swift in Sources */ = {isa = PBXBuildFile; fileRef = FCA8BB032861F36000791BF6 /* ChatModels.swift */; };
		FCA8BB062862063F00791BF6 /* PofileModels.swift in Sources */ = {isa = PBXBuildFile; fileRef = FCA8BB052862063F00791BF6 /* PofileModels.swift */; };
		FCA8BB082862069A00791BF6 /* ProfileTableViewCell.swift in Sources */ = {isa = PBXBuildFile; fileRef = FCA8BB072862069A00791BF6 /* ProfileTableViewCell.swift */; };
		FCA8BB0A28620D0800791BF6 /* ConversationModels.swift in Sources */ = {isa = PBXBuildFile; fileRef = FCA8BB0928620D0800791BF6 /* ConversationModels.swift */; };
		FCC7B0D228509E0200640BAB /* AppDelegate.swift in Sources */ = {isa = PBXBuildFile; fileRef = FCC7B0D128509E0200640BAB /* AppDelegate.swift */; };
		FCC7B0D428509E0200640BAB /* SceneDelegate.swift in Sources */ = {isa = PBXBuildFile; fileRef = FCC7B0D328509E0200640BAB /* SceneDelegate.swift */; };
		FCC7B0D628509E0200640BAB /* ConversationsViewController.swift in Sources */ = {isa = PBXBuildFile; fileRef = FCC7B0D528509E0200640BAB /* ConversationsViewController.swift */; };
		FCC7B0D928509E0200640BAB /* Main.storyboard in Resources */ = {isa = PBXBuildFile; fileRef = FCC7B0D728509E0200640BAB /* Main.storyboard */; };
		FCC7B0DB28509E1600640BAB /* Assets.xcassets in Resources */ = {isa = PBXBuildFile; fileRef = FCC7B0DA28509E1600640BAB /* Assets.xcassets */; };
		FCC7B0DE28509E1600640BAB /* LaunchScreen.storyboard in Resources */ = {isa = PBXBuildFile; fileRef = FCC7B0DC28509E1600640BAB /* LaunchScreen.storyboard */; };
		FCD337BE285328C800357047 /* ChatViewController.swift in Sources */ = {isa = PBXBuildFile; fileRef = FCD337BD285328C800357047 /* ChatViewController.swift */; };
		FCD337C02853454100357047 /* StorageManager.swift in Sources */ = {isa = PBXBuildFile; fileRef = FCD337BF2853454100357047 /* StorageManager.swift */; };
/* End PBXBuildFile section */

/* Begin PBXFileReference section */
		80E98D3145F130D75378D7D9 /* Pods_Messenger.framework */ = {isa = PBXFileReference; explicitFileType = wrapper.framework; includeInIndex = 0; path = Pods_Messenger.framework; sourceTree = BUILT_PRODUCTS_DIR; };
		99A8386BC5AB8D81166E925F /* Pods-Messenger.debug.xcconfig */ = {isa = PBXFileReference; includeInIndex = 1; lastKnownFileType = text.xcconfig; name = "Pods-Messenger.debug.xcconfig"; path = "Target Support Files/Pods-Messenger/Pods-Messenger.debug.xcconfig"; sourceTree = "<group>"; };
		FC1C7FFE28587B37005AA13A /* ConversationTableViewCell.swift */ = {isa = PBXFileReference; lastKnownFileType = sourcecode.swift; path = ConversationTableViewCell.swift; sourceTree = "<group>"; };
		FC56A8D3285202D8003E59F8 /* GoogleService-Info.plist */ = {isa = PBXFileReference; fileEncoding = 4; lastKnownFileType = text.plist.xml; name = "GoogleService-Info.plist"; path = "../../../../Downloads/GoogleService-Info.plist"; sourceTree = "<group>"; };
		FC56A8D528522932003E59F8 /* DatabaseManager.swift */ = {isa = PBXFileReference; lastKnownFileType = sourcecode.swift; path = DatabaseManager.swift; sourceTree = "<group>"; };
		FC7607A52850C1A300E6923E /* LoginViewController.swift */ = {isa = PBXFileReference; lastKnownFileType = sourcecode.swift; path = LoginViewController.swift; sourceTree = "<group>"; };
		FC7607A72850C1B300E6923E /* RegisterViewController.swift */ = {isa = PBXFileReference; lastKnownFileType = sourcecode.swift; path = RegisterViewController.swift; sourceTree = "<group>"; };
		FC7607A92850C1D200E6923E /* PhotoViewerViewController.swift */ = {isa = PBXFileReference; lastKnownFileType = sourcecode.swift; path = PhotoViewerViewController.swift; sourceTree = "<group>"; };
		FC7607AB2850C1F900E6923E /* NewConversationViewController.swift */ = {isa = PBXFileReference; lastKnownFileType = sourcecode.swift; path = NewConversationViewController.swift; sourceTree = "<group>"; };
		FC7607AD2850C20C00E6923E /* ProfileViewController.swift */ = {isa = PBXFileReference; lastKnownFileType = sourcecode.swift; path = ProfileViewController.swift; sourceTree = "<group>"; };
		FCA8BB012861C8F500791BF6 /* NewConversationTableCell.swift */ = {isa = PBXFileReference; lastKnownFileType = sourcecode.swift; path = NewConversationTableCell.swift; sourceTree = "<group>"; };
		FCA8BB032861F36000791BF6 /* ChatModels.swift */ = {isa = PBXFileReference; lastKnownFileType = sourcecode.swift; path = ChatModels.swift; sourceTree = "<group>"; };
		FCA8BB052862063F00791BF6 /* PofileModels.swift */ = {isa = PBXFileReference; lastKnownFileType = sourcecode.swift; path = PofileModels.swift; sourceTree = "<group>"; };
		FCA8BB072862069A00791BF6 /* ProfileTableViewCell.swift */ = {isa = PBXFileReference; lastKnownFileType = sourcecode.swift; path = ProfileTableViewCell.swift; sourceTree = "<group>"; };
		FCA8BB0928620D0800791BF6 /* ConversationModels.swift */ = {isa = PBXFileReference; lastKnownFileType = sourcecode.swift; path = ConversationModels.swift; sourceTree = "<group>"; };
		FCC7B0CE28509E0200640BAB /* Messenger.app */ = {isa = PBXFileReference; explicitFileType = wrapper.application; includeInIndex = 0; path = Messenger.app; sourceTree = BUILT_PRODUCTS_DIR; };
		FCC7B0D128509E0200640BAB /* AppDelegate.swift */ = {isa = PBXFileReference; lastKnownFileType = sourcecode.swift; path = AppDelegate.swift; sourceTree = "<group>"; };
		FCC7B0D328509E0200640BAB /* SceneDelegate.swift */ = {isa = PBXFileReference; lastKnownFileType = sourcecode.swift; path = SceneDelegate.swift; sourceTree = "<group>"; };
		FCC7B0D528509E0200640BAB /* ConversationsViewController.swift */ = {isa = PBXFileReference; lastKnownFileType = sourcecode.swift; path = ConversationsViewController.swift; sourceTree = "<group>"; };
		FCC7B0D828509E0200640BAB /* Base */ = {isa = PBXFileReference; lastKnownFileType = file.storyboard; name = Base; path = Base.lproj/Main.storyboard; sourceTree = "<group>"; };
		FCC7B0DA28509E1600640BAB /* Assets.xcassets */ = {isa = PBXFileReference; lastKnownFileType = folder.assetcatalog; path = Assets.xcassets; sourceTree = "<group>"; };
		FCC7B0DD28509E1600640BAB /* Base */ = {isa = PBXFileReference; lastKnownFileType = file.storyboard; name = Base; path = Base.lproj/LaunchScreen.storyboard; sourceTree = "<group>"; };
		FCC7B0DF28509E1600640BAB /* Info.plist */ = {isa = PBXFileReference; lastKnownFileType = text.plist.xml; path = Info.plist; sourceTree = "<group>"; };
		FCD337BD285328C800357047 /* ChatViewController.swift */ = {isa = PBXFileReference; lastKnownFileType = sourcecode.swift; path = ChatViewController.swift; sourceTree = "<group>"; };
		FCD337BF2853454100357047 /* StorageManager.swift */ = {isa = PBXFileReference; lastKnownFileType = sourcecode.swift; path = StorageManager.swift; sourceTree = "<group>"; };
		FD9FFE43E8BCFFD849B0D6C2 /* Pods-Messenger.release.xcconfig */ = {isa = PBXFileReference; includeInIndex = 1; lastKnownFileType = text.xcconfig; name = "Pods-Messenger.release.xcconfig"; path = "Target Support Files/Pods-Messenger/Pods-Messenger.release.xcconfig"; sourceTree = "<group>"; };
/* End PBXFileReference section */

/* Begin PBXFrameworksBuildPhase section */
		FCC7B0CB28509E0200640BAB /* Frameworks */ = {
			isa = PBXFrameworksBuildPhase;
			buildActionMask = 2147483647;
			files = (
				8A106B43AB058427F322F037 /* Pods_Messenger.framework in Frameworks */,
			);
			runOnlyForDeploymentPostprocessing = 0;
		};
/* End PBXFrameworksBuildPhase section */

/* Begin PBXGroup section */
		68BF91C5C8BA7DD92F261E52 /* Pods */ = {
			isa = PBXGroup;
			children = (
				99A8386BC5AB8D81166E925F /* Pods-Messenger.debug.xcconfig */,
				FD9FFE43E8BCFFD849B0D6C2 /* Pods-Messenger.release.xcconfig */,
			);
			path = Pods;
			sourceTree = "<group>";
		};
		9A211AA3A2FA7F7814E39C18 /* Frameworks */ = {
			isa = PBXGroup;
			children = (
				80E98D3145F130D75378D7D9 /* Pods_Messenger.framework */,
			);
			name = Frameworks;
			sourceTree = "<group>";
		};
		FC76079F2850BE9B00E6923E /* Controllers */ = {
			isa = PBXGroup;
			children = (
				FCC7B0D528509E0200640BAB /* ConversationsViewController.swift */,
				FC7607AF2850C48400E6923E /* LoginAndRegister */,
				FC7607A92850C1D200E6923E /* PhotoViewerViewController.swift */,
				FC7607AB2850C1F900E6923E /* NewConversationViewController.swift */,
				FC7607AD2850C20C00E6923E /* ProfileViewController.swift */,
				FCD337BD285328C800357047 /* ChatViewController.swift */,
			);
			path = Controllers;
			sourceTree = "<group>";
		};
		FC7607A02850BEA500E6923E /* Views */ = {
			isa = PBXGroup;
			children = (
				FCC7B0DA28509E1600640BAB /* Assets.xcassets */,
				FC7607A42850BF3300E6923E /* Storyboards */,
				FC1C7FFE28587B37005AA13A /* ConversationTableViewCell.swift */,
				FCA8BB012861C8F500791BF6 /* NewConversationTableCell.swift */,
			);
			path = Views;
			sourceTree = "<group>";
		};
		FC7607A12850BEAD00E6923E /* Models */ = {
			isa = PBXGroup;
			children = (
				FCA8BB032861F36000791BF6 /* ChatModels.swift */,
				FCA8BB052862063F00791BF6 /* PofileModels.swift */,
				FCA8BB0928620D0800791BF6 /* ConversationModels.swift */,
			);
			path = Models;
			sourceTree = "<group>";
		};
		FC7607A22850BECA00E6923E /* ViewModels */ = {
			isa = PBXGroup;
			children = (
			);
			path = ViewModels;
			sourceTree = "<group>";
		};
		FC7607A32850BEDB00E6923E /* Resources */ = {
			isa = PBXGroup;
			children = (
				FCC7B0D128509E0200640BAB /* AppDelegate.swift */,
				FCC7B0D328509E0200640BAB /* SceneDelegate.swift */,
				FC56A8D528522932003E59F8 /* DatabaseManager.swift */,
				FCD337BF2853454100357047 /* StorageManager.swift */,
			);
			path = Resources;
			sourceTree = "<group>";
		};
		FC7607A42850BF3300E6923E /* Storyboards */ = {
			isa = PBXGroup;
			children = (
				FCC7B0D728509E0200640BAB /* Main.storyboard */,
				FCC7B0DC28509E1600640BAB /* LaunchScreen.storyboard */,
				FCA8BB072862069A00791BF6 /* ProfileTableViewCell.swift */,
			);
			path = Storyboards;
			sourceTree = "<group>";
		};
		FC7607AF2850C48400E6923E /* LoginAndRegister */ = {
			isa = PBXGroup;
			children = (
				FC7607A52850C1A300E6923E /* LoginViewController.swift */,
				FC7607A72850C1B300E6923E /* RegisterViewController.swift */,
			);
			path = LoginAndRegister;
			sourceTree = "<group>";
		};
		FCC7B0C528509E0100640BAB = {
			isa = PBXGroup;
			children = (
				FCC7B0D028509E0200640BAB /* Messenger */,
				FCC7B0CF28509E0200640BAB /* Products */,
				68BF91C5C8BA7DD92F261E52 /* Pods */,
				9A211AA3A2FA7F7814E39C18 /* Frameworks */,
			);
			sourceTree = "<group>";
		};
		FCC7B0CF28509E0200640BAB /* Products */ = {
			isa = PBXGroup;
			children = (
				FCC7B0CE28509E0200640BAB /* Messenger.app */,
			);
			name = Products;
			sourceTree = "<group>";
		};
		FCC7B0D028509E0200640BAB /* Messenger */ = {
			isa = PBXGroup;
			children = (
				FC56A8D3285202D8003E59F8 /* GoogleService-Info.plist */,
				FC7607A32850BEDB00E6923E /* Resources */,
				FC7607A22850BECA00E6923E /* ViewModels */,
				FC7607A12850BEAD00E6923E /* Models */,
				FC7607A02850BEA500E6923E /* Views */,
				FC76079F2850BE9B00E6923E /* Controllers */,
				FCC7B0DF28509E1600640BAB /* Info.plist */,
			);
			path = Messenger;
			sourceTree = "<group>";
		};
/* End PBXGroup section */

/* Begin PBXNativeTarget section */
		FCC7B0CD28509E0200640BAB /* Messenger */ = {
			isa = PBXNativeTarget;
			buildConfigurationList = FCC7B0E228509E1600640BAB /* Build configuration list for PBXNativeTarget "Messenger" */;
			buildPhases = (
				E6B9D94E2C095DF0B3AB488C /* [CP] Check Pods Manifest.lock */,
				FCC7B0CA28509E0200640BAB /* Sources */,
				FCC7B0CB28509E0200640BAB /* Frameworks */,
				FCC7B0CC28509E0200640BAB /* Resources */,
				5453D943D6BF77E3E213D705 /* [CP] Embed Pods Frameworks */,
			);
			buildRules = (
			);
			dependencies = (
			);
			name = Messenger;
			productName = Messenger;
			productReference = FCC7B0CE28509E0200640BAB /* Messenger.app */;
			productType = "com.apple.product-type.application";
		};
/* End PBXNativeTarget section */

/* Begin PBXProject section */
		FCC7B0C628509E0100640BAB /* Project object */ = {
			isa = PBXProject;
			attributes = {
				BuildIndependentTargetsInParallel = 1;
				LastSwiftUpdateCheck = 1340;
				LastUpgradeCheck = 1340;
				TargetAttributes = {
					FCC7B0CD28509E0200640BAB = {
						CreatedOnToolsVersion = 13.4;
					};
				};
			};
			buildConfigurationList = FCC7B0C928509E0100640BAB /* Build configuration list for PBXProject "Messenger" */;
			compatibilityVersion = "Xcode 13.0";
			developmentRegion = en;
			hasScannedForEncodings = 0;
			knownRegions = (
				en,
				Base,
			);
			mainGroup = FCC7B0C528509E0100640BAB;
			productRefGroup = FCC7B0CF28509E0200640BAB /* Products */;
			projectDirPath = "";
			projectRoot = "";
			targets = (
				FCC7B0CD28509E0200640BAB /* Messenger */,
			);
		};
/* End PBXProject section */

/* Begin PBXResourcesBuildPhase section */
		FCC7B0CC28509E0200640BAB /* Resources */ = {
			isa = PBXResourcesBuildPhase;
			buildActionMask = 2147483647;
			files = (
				FCC7B0DE28509E1600640BAB /* LaunchScreen.storyboard in Resources */,
				FC56A8D4285202D8003E59F8 /* GoogleService-Info.plist in Resources */,
				FCC7B0DB28509E1600640BAB /* Assets.xcassets in Resources */,
				FCC7B0D928509E0200640BAB /* Main.storyboard in Resources */,
			);
			runOnlyForDeploymentPostprocessing = 0;
		};
/* End PBXResourcesBuildPhase section */

/* Begin PBXShellScriptBuildPhase section */
		5453D943D6BF77E3E213D705 /* [CP] Embed Pods Frameworks */ = {
			isa = PBXShellScriptBuildPhase;
			buildActionMask = 2147483647;
			files = (
			);
			inputFileListPaths = (
				"${PODS_ROOT}/Target Support Files/Pods-Messenger/Pods-Messenger-frameworks-${CONFIGURATION}-input-files.xcfilelist",
			);
			name = "[CP] Embed Pods Frameworks";
			outputFileListPaths = (
				"${PODS_ROOT}/Target Support Files/Pods-Messenger/Pods-Messenger-frameworks-${CONFIGURATION}-output-files.xcfilelist",
			);
			runOnlyForDeploymentPostprocessing = 0;
			shellPath = /bin/sh;
			shellScript = "\"${PODS_ROOT}/Target Support Files/Pods-Messenger/Pods-Messenger-frameworks.sh\"\n";
			showEnvVarsInLog = 0;
		};
		E6B9D94E2C095DF0B3AB488C /* [CP] Check Pods Manifest.lock */ = {
			isa = PBXShellScriptBuildPhase;
			buildActionMask = 2147483647;
			files = (
			);
			inputFileListPaths = (
			);
			inputPaths = (
				"${PODS_PODFILE_DIR_PATH}/Podfile.lock",
				"${PODS_ROOT}/Manifest.lock",
			);
			name = "[CP] Check Pods Manifest.lock";
			outputFileListPaths = (
			);
			outputPaths = (
				"$(DERIVED_FILE_DIR)/Pods-Messenger-checkManifestLockResult.txt",
			);
			runOnlyForDeploymentPostprocessing = 0;
			shellPath = /bin/sh;
			shellScript = "diff \"${PODS_PODFILE_DIR_PATH}/Podfile.lock\" \"${PODS_ROOT}/Manifest.lock\" > /dev/null\nif [ $? != 0 ] ; then\n    # print error to STDERR\n    echo \"error: The sandbox is not in sync with the Podfile.lock. Run 'pod install' or update your CocoaPods installation.\" >&2\n    exit 1\nfi\n# This output is used by Xcode 'outputs' to avoid re-running this script phase.\necho \"SUCCESS\" > \"${SCRIPT_OUTPUT_FILE_0}\"\n";
			showEnvVarsInLog = 0;
		};
/* End PBXShellScriptBuildPhase section */

/* Begin PBXSourcesBuildPhase section */
		FCC7B0CA28509E0200640BAB /* Sources */ = {
			isa = PBXSourcesBuildPhase;
			buildActionMask = 2147483647;
			files = (
				FC7607A62850C1A300E6923E /* LoginViewController.swift in Sources */,
				FC7607AC2850C1F900E6923E /* NewConversationViewController.swift in Sources */,
				FCD337C02853454100357047 /* StorageManager.swift in Sources */,
				FCA8BB042861F36000791BF6 /* ChatModels.swift in Sources */,
				FC7607A82850C1B300E6923E /* RegisterViewController.swift in Sources */,
				FCC7B0D628509E0200640BAB /* ConversationsViewController.swift in Sources */,
				FCC7B0D228509E0200640BAB /* AppDelegate.swift in Sources */,
				FCA8BB022861C8F500791BF6 /* NewConversationTableCell.swift in Sources */,
				FCA8BB062862063F00791BF6 /* PofileModels.swift in Sources */,
				FCA8BB082862069A00791BF6 /* ProfileTableViewCell.swift in Sources */,
				FCC7B0D428509E0200640BAB /* SceneDelegate.swift in Sources */,
				FC7607AE2850C20C00E6923E /* ProfileViewController.swift in Sources */,
				FC1C7FFF28587B37005AA13A /* ConversationTableViewCell.swift in Sources */,
				FCA8BB0A28620D0800791BF6 /* ConversationModels.swift in Sources */,
				FC7607AA2850C1D200E6923E /* PhotoViewerViewController.swift in Sources */,
				FCD337BE285328C800357047 /* ChatViewController.swift in Sources */,
				FC56A8D628522932003E59F8 /* DatabaseManager.swift in Sources */,
			);
			runOnlyForDeploymentPostprocessing = 0;
		};
/* End PBXSourcesBuildPhase section */

/* Begin PBXVariantGroup section */
		FCC7B0D728509E0200640BAB /* Main.storyboard */ = {
			isa = PBXVariantGroup;
			children = (
				FCC7B0D828509E0200640BAB /* Base */,
			);
			name = Main.storyboard;
			sourceTree = "<group>";
		};
		FCC7B0DC28509E1600640BAB /* LaunchScreen.storyboard */ = {
			isa = PBXVariantGroup;
			children = (
				FCC7B0DD28509E1600640BAB /* Base */,
			);
			name = LaunchScreen.storyboard;
			sourceTree = "<group>";
		};
/* End PBXVariantGroup section */

/* Begin XCBuildConfiguration section */
		FCC7B0E028509E1600640BAB /* Debug */ = {
			isa = XCBuildConfiguration;
			buildSettings = {
				ALWAYS_SEARCH_USER_PATHS = NO;
				CLANG_ANALYZER_NONNULL = YES;
				CLANG_ANALYZER_NUMBER_OBJECT_CONVERSION = YES_AGGRESSIVE;
				CLANG_CXX_LANGUAGE_STANDARD = "gnu++17";
				CLANG_ENABLE_MODULES = YES;
				CLANG_ENABLE_OBJC_ARC = YES;
				CLANG_ENABLE_OBJC_WEAK = YES;
				CLANG_WARN_BLOCK_CAPTURE_AUTORELEASING = YES;
				CLANG_WARN_BOOL_CONVERSION = YES;
				CLANG_WARN_COMMA = YES;
				CLANG_WARN_CONSTANT_CONVERSION = YES;
				CLANG_WARN_DEPRECATED_OBJC_IMPLEMENTATIONS = YES;
				CLANG_WARN_DIRECT_OBJC_ISA_USAGE = YES_ERROR;
				CLANG_WARN_DOCUMENTATION_COMMENTS = YES;
				CLANG_WARN_EMPTY_BODY = YES;
				CLANG_WARN_ENUM_CONVERSION = YES;
				CLANG_WARN_INFINITE_RECURSION = YES;
				CLANG_WARN_INT_CONVERSION = YES;
				CLANG_WARN_NON_LITERAL_NULL_CONVERSION = YES;
				CLANG_WARN_OBJC_IMPLICIT_RETAIN_SELF = YES;
				CLANG_WARN_OBJC_LITERAL_CONVERSION = YES;
				CLANG_WARN_OBJC_ROOT_CLASS = YES_ERROR;
				CLANG_WARN_QUOTED_INCLUDE_IN_FRAMEWORK_HEADER = YES;
				CLANG_WARN_RANGE_LOOP_ANALYSIS = YES;
				CLANG_WARN_STRICT_PROTOTYPES = YES;
				CLANG_WARN_SUSPICIOUS_MOVE = YES;
				CLANG_WARN_UNGUARDED_AVAILABILITY = YES_AGGRESSIVE;
				CLANG_WARN_UNREACHABLE_CODE = YES;
				CLANG_WARN__DUPLICATE_METHOD_MATCH = YES;
				COPY_PHASE_STRIP = NO;
				DEBUG_INFORMATION_FORMAT = dwarf;
				ENABLE_STRICT_OBJC_MSGSEND = YES;
				ENABLE_TESTABILITY = YES;
				GCC_C_LANGUAGE_STANDARD = gnu11;
				GCC_DYNAMIC_NO_PIC = NO;
				GCC_NO_COMMON_BLOCKS = YES;
				GCC_OPTIMIZATION_LEVEL = 0;
				GCC_PREPROCESSOR_DEFINITIONS = (
					"DEBUG=1",
					"$(inherited)",
				);
				GCC_WARN_64_TO_32_BIT_CONVERSION = YES;
				GCC_WARN_ABOUT_RETURN_TYPE = YES_ERROR;
				GCC_WARN_UNDECLARED_SELECTOR = YES;
				GCC_WARN_UNINITIALIZED_AUTOS = YES_AGGRESSIVE;
				GCC_WARN_UNUSED_FUNCTION = YES;
				GCC_WARN_UNUSED_VARIABLE = YES;
				IPHONEOS_DEPLOYMENT_TARGET = 15.5;
				MTL_ENABLE_DEBUG_INFO = INCLUDE_SOURCE;
				MTL_FAST_MATH = YES;
				ONLY_ACTIVE_ARCH = YES;
				SDKROOT = iphoneos;
				SWIFT_ACTIVE_COMPILATION_CONDITIONS = DEBUG;
				SWIFT_OPTIMIZATION_LEVEL = "-Onone";
			};
			name = Debug;
		};
		FCC7B0E128509E1600640BAB /* Release */ = {
			isa = XCBuildConfiguration;
			buildSettings = {
				ALWAYS_SEARCH_USER_PATHS = NO;
				CLANG_ANALYZER_NONNULL = YES;
				CLANG_ANALYZER_NUMBER_OBJECT_CONVERSION = YES_AGGRESSIVE;
				CLANG_CXX_LANGUAGE_STANDARD = "gnu++17";
				CLANG_ENABLE_MODULES = YES;
				CLANG_ENABLE_OBJC_ARC = YES;
				CLANG_ENABLE_OBJC_WEAK = YES;
				CLANG_WARN_BLOCK_CAPTURE_AUTORELEASING = YES;
				CLANG_WARN_BOOL_CONVERSION = YES;
				CLANG_WARN_COMMA = YES;
				CLANG_WARN_CONSTANT_CONVERSION = YES;
				CLANG_WARN_DEPRECATED_OBJC_IMPLEMENTATIONS = YES;
				CLANG_WARN_DIRECT_OBJC_ISA_USAGE = YES_ERROR;
				CLANG_WARN_DOCUMENTATION_COMMENTS = YES;
				CLANG_WARN_EMPTY_BODY = YES;
				CLANG_WARN_ENUM_CONVERSION = YES;
				CLANG_WARN_INFINITE_RECURSION = YES;
				CLANG_WARN_INT_CONVERSION = YES;
				CLANG_WARN_NON_LITERAL_NULL_CONVERSION = YES;
				CLANG_WARN_OBJC_IMPLICIT_RETAIN_SELF = YES;
				CLANG_WARN_OBJC_LITERAL_CONVERSION = YES;
				CLANG_WARN_OBJC_ROOT_CLASS = YES_ERROR;
				CLANG_WARN_QUOTED_INCLUDE_IN_FRAMEWORK_HEADER = YES;
				CLANG_WARN_RANGE_LOOP_ANALYSIS = YES;
				CLANG_WARN_STRICT_PROTOTYPES = YES;
				CLANG_WARN_SUSPICIOUS_MOVE = YES;
				CLANG_WARN_UNGUARDED_AVAILABILITY = YES_AGGRESSIVE;
				CLANG_WARN_UNREACHABLE_CODE = YES;
				CLANG_WARN__DUPLICATE_METHOD_MATCH = YES;
				COPY_PHASE_STRIP = NO;
				DEBUG_INFORMATION_FORMAT = "dwarf-with-dsym";
				ENABLE_NS_ASSERTIONS = NO;
				ENABLE_STRICT_OBJC_MSGSEND = YES;
				GCC_C_LANGUAGE_STANDARD = gnu11;
				GCC_NO_COMMON_BLOCKS = YES;
				GCC_WARN_64_TO_32_BIT_CONVERSION = YES;
				GCC_WARN_ABOUT_RETURN_TYPE = YES_ERROR;
				GCC_WARN_UNDECLARED_SELECTOR = YES;
				GCC_WARN_UNINITIALIZED_AUTOS = YES_AGGRESSIVE;
				GCC_WARN_UNUSED_FUNCTION = YES;
				GCC_WARN_UNUSED_VARIABLE = YES;
				IPHONEOS_DEPLOYMENT_TARGET = 15.5;
				MTL_ENABLE_DEBUG_INFO = NO;
				MTL_FAST_MATH = YES;
				SDKROOT = iphoneos;
				SWIFT_COMPILATION_MODE = wholemodule;
				SWIFT_OPTIMIZATION_LEVEL = "-O";
				VALIDATE_PRODUCT = YES;
			};
			name = Release;
		};
		FCC7B0E328509E1600640BAB /* Debug */ = {
			isa = XCBuildConfiguration;
			baseConfigurationReference = 99A8386BC5AB8D81166E925F /* Pods-Messenger.debug.xcconfig */;
			buildSettings = {
				ASSETCATALOG_COMPILER_APPICON_NAME = AppIcon;
				ASSETCATALOG_COMPILER_GLOBAL_ACCENT_COLOR_NAME = AccentColor;
				CODE_SIGN_STYLE = Automatic;
				CURRENT_PROJECT_VERSION = 1;
				GENERATE_INFOPLIST_FILE = YES;
				INFOPLIST_FILE = Messenger/Info.plist;
				INFOPLIST_KEY_UIApplicationSupportsIndirectInputEvents = YES;
				INFOPLIST_KEY_UILaunchStoryboardName = LaunchScreen;
				INFOPLIST_KEY_UIMainStoryboardFile = Main;
				INFOPLIST_KEY_UISupportedInterfaceOrientations_iPad = "UIInterfaceOrientationPortrait UIInterfaceOrientationPortraitUpsideDown UIInterfaceOrientationLandscapeLeft UIInterfaceOrientationLandscapeRight";
				INFOPLIST_KEY_UISupportedInterfaceOrientations_iPhone = "UIInterfaceOrientationPortrait UIInterfaceOrientationLandscapeLeft UIInterfaceOrientationLandscapeRight";
				IPHONEOS_DEPLOYMENT_TARGET = 15.5;
				LD_RUNPATH_SEARCH_PATHS = (
					"$(inherited)",
					"@executable_path/Frameworks",
				);
				MARKETING_VERSION = 1.0;
				PRODUCT_BUNDLE_IDENTIFIER = Intership.Messenger;
				PRODUCT_NAME = "$(TARGET_NAME)";
				SWIFT_EMIT_LOC_STRINGS = YES;
				SWIFT_VERSION = 5.0;
				TARGETED_DEVICE_FAMILY = "1,2";
			};
			name = Debug;
		};
		FCC7B0E428509E1600640BAB /* Release */ = {
			isa = XCBuildConfiguration;
			baseConfigurationReference = FD9FFE43E8BCFFD849B0D6C2 /* Pods-Messenger.release.xcconfig */;
			buildSettings = {
				ASSETCATALOG_COMPILER_APPICON_NAME = AppIcon;
				ASSETCATALOG_COMPILER_GLOBAL_ACCENT_COLOR_NAME = AccentColor;
				CODE_SIGN_STYLE = Automatic;
				CURRENT_PROJECT_VERSION = 1;
				GENERATE_INFOPLIST_FILE = YES;
				INFOPLIST_FILE = Messenger/Info.plist;
				INFOPLIST_KEY_UIApplicationSupportsIndirectInputEvents = YES;
				INFOPLIST_KEY_UILaunchStoryboardName = LaunchScreen;
				INFOPLIST_KEY_UIMainStoryboardFile = Main;
				INFOPLIST_KEY_UISupportedInterfaceOrientations_iPad = "UIInterfaceOrientationPortrait UIInterfaceOrientationPortraitUpsideDown UIInterfaceOrientationLandscapeLeft UIInterfaceOrientationLandscapeRight";
				INFOPLIST_KEY_UISupportedInterfaceOrientations_iPhone = "UIInterfaceOrientationPortrait UIInterfaceOrientationLandscapeLeft UIInterfaceOrientationLandscapeRight";
				IPHONEOS_DEPLOYMENT_TARGET = 15.5;
				LD_RUNPATH_SEARCH_PATHS = (
					"$(inherited)",
					"@executable_path/Frameworks",
				);
				MARKETING_VERSION = 1.0;
				PRODUCT_BUNDLE_IDENTIFIER = Intership.Messenger;
				PRODUCT_NAME = "$(TARGET_NAME)";
				SWIFT_EMIT_LOC_STRINGS = YES;
				SWIFT_VERSION = 5.0;
				TARGETED_DEVICE_FAMILY = "1,2";
			};
			name = Release;
		};
/* End XCBuildConfiguration section */

/* Begin XCConfigurationList section */
		FCC7B0C928509E0100640BAB /* Build configuration list for PBXProject "Messenger" */ = {
			isa = XCConfigurationList;
			buildConfigurations = (
				FCC7B0E028509E1600640BAB /* Debug */,
				FCC7B0E128509E1600640BAB /* Release */,
			);
			defaultConfigurationIsVisible = 0;
			defaultConfigurationName = Release;
		};
		FCC7B0E228509E1600640BAB /* Build configuration list for PBXNativeTarget "Messenger" */ = {
			isa = XCConfigurationList;
			buildConfigurations = (
				FCC7B0E328509E1600640BAB /* Debug */,
				FCC7B0E428509E1600640BAB /* Release */,
			);
			defaultConfigurationIsVisible = 0;
			defaultConfigurationName = Release;
		};
/* End XCConfigurationList section */
	};
	rootObject = FCC7B0C628509E0100640BAB /* Project object */;
}
